
Microsoft Visual Studio Solution File, Format Version 12.00
# Visual Studio Version 17
VisualStudioVersion = 17.14.36310.24 d17.14
MinimumVisualStudioVersion = 10.0.40219.1
Project("{FAE04EC0-301F-11D3-BF4B-00C04F79EFBC}") = "Atividade06", "Atividade06\Atividade06.csproj", "{253FEA3B-DC99-4BD0-AA9F-B9CFD74DB1FE}"
EndProject
Global
	GlobalSection(SolutionConfigurationPlatforms) = preSolution
		Debug|Any CPU = Debug|Any CPU
		Release|Any CPU = Release|Any CPU
	EndGlobalSection
	GlobalSection(ProjectConfigurationPlatforms) = postSolution
		{253FEA3B-DC99-4BD0-AA9F-B9CFD74DB1FE}.Debug|Any CPU.ActiveCfg = Debug|Any CPU
		{253FEA3B-DC99-4BD0-AA9F-B9CFD74DB1FE}.Debug|Any CPU.Build.0 = Debug|Any CPU
		{253FEA3B-DC99-4BD0-AA9F-B9CFD74DB1FE}.Release|Any CPU.ActiveCfg = Release|Any CPU
		{253FEA3B-DC99-4BD0-AA9F-B9CFD74DB1FE}.Release|Any CPU.Build.0 = Release|Any CPU
	EndGlobalSection
	GlobalSection(SolutionProperties) = preSolution
		HideSolutionNode = FALSE
	EndGlobalSection
	GlobalSection(ExtensibilityGlobals) = postSolution
		SolutionGuid = {61BD8D5B-8728-4669-9B32-B66AF3F49BAE}
	EndGlobalSection
EndGlobal
